
Microsoft Visual Studio Solution File, Format Version 12.00
# Visual Studio Version 16
VisualStudioVersion = 16.0.28803.202
MinimumVisualStudioVersion = 10.0.40219.1
Project("{9A19103F-16F7-4668-BE54-9A1E7A4F7556}") = "EmployeeManagementSystem", "EmployeeManagementSystem\EmployeeManagementSystem.csproj", "{39625AA3-B8F3-4473-A5D0-C1B0E3B54125}"
EndProject
Global
	GlobalSection(SolutionConfigurationPlatforms) = preSolution
		Debug|Any CPU = Debug|Any CPU
		Release|Any CPU = Release|Any CPU
	EndGlobalSection
	GlobalSection(ProjectConfigurationPlatforms) = postSolution
		{39625AA3-B8F3-4473-A5D0-C1B0E3B54125}.Debug|Any CPU.ActiveCfg = Debug|Any CPU
		{39625AA3-B8F3-4473-A5D0-C1B0E3B54125}.Debug|Any CPU.Build.0 = Debug|Any CPU
		{39625AA3-B8F3-4473-A5D0-C1B0E3B54125}.Release|Any CPU.ActiveCfg = Release|Any CPU
		{39625AA3-B8F3-4473-A5D0-C1B0E3B54125}.Release|Any CPU.Build.0 = Release|Any CPU
	EndGlobalSection
	GlobalSection(SolutionProperties) = preSolution
		HideSolutionNode = FALSE
	EndGlobalSection
	GlobalSection(ExtensibilityGlobals) = postSolution
		SolutionGuid = {3B3A35F0-BBCA-43BF-8A00-54E0EFC46B4A}
	EndGlobalSection
EndGlobal
